
Microsoft Visual Studio Solution File, Format Version 12.00
# Visual Studio Version 16
VisualStudioVersion = 16.0.29306.81
MinimumVisualStudioVersion = 10.0.40219.1
Project("{FAE04EC0-301F-11D3-BF4B-00C04F79EFBC}") = "Informatica1", "Informatica1\Informatica1.csproj", "{215055CB-1E95-4394-851A-19BDDB4171E0}"
EndProject
Global
	GlobalSection(SolutionConfigurationPlatforms) = preSolution
		Debug|Any CPU = Debug|Any CPU
		Release|Any CPU = Release|Any CPU
	EndGlobalSection
	GlobalSection(ProjectConfigurationPlatforms) = postSolution
		{215055CB-1E95-4394-851A-19BDDB4171E0}.Debug|Any CPU.ActiveCfg = Debug|Any CPU
		{215055CB-1E95-4394-851A-19BDDB4171E0}.Debug|Any CPU.Build.0 = Debug|Any CPU
		{215055CB-1E95-4394-851A-19BDDB4171E0}.Release|Any CPU.ActiveCfg = Release|Any CPU
		{215055CB-1E95-4394-851A-19BDDB4171E0}.Release|Any CPU.Build.0 = Release|Any CPU
	EndGlobalSection
	GlobalSection(SolutionProperties) = preSolution
		HideSolutionNode = FALSE
	EndGlobalSection
	GlobalSection(ExtensibilityGlobals) = postSolution
		SolutionGuid = {BCC3A566-F81F-467C-8FA0-C5855CFF0681}
	EndGlobalSection
EndGlobal
